
Microsoft Visual Studio Solution File, Format Version 12.00
# Visual Studio Version 16
VisualStudioVersion = 16.0.30413.136
MinimumVisualStudioVersion = 10.0.40219.1
Project("{FAE04EC0-301F-11D3-BF4B-00C04F79EFBC}") = "Matrix_calculator", "Matrix_calculator\Matrix_calculator.csproj", "{FE9D8A6D-063E-435E-82F8-9C38C7AD17B9}"
EndProject
Global
	GlobalSection(SolutionConfigurationPlatforms) = preSolution
		Debug|Any CPU = Debug|Any CPU
		Release|Any CPU = Release|Any CPU
	EndGlobalSection
	GlobalSection(ProjectConfigurationPlatforms) = postSolution
		{FE9D8A6D-063E-435E-82F8-9C38C7AD17B9}.Debug|Any CPU.ActiveCfg = Debug|Any CPU
		{FE9D8A6D-063E-435E-82F8-9C38C7AD17B9}.Debug|Any CPU.Build.0 = Debug|Any CPU
		{FE9D8A6D-063E-435E-82F8-9C38C7AD17B9}.Release|Any CPU.ActiveCfg = Release|Any CPU
		{FE9D8A6D-063E-435E-82F8-9C38C7AD17B9}.Release|Any CPU.Build.0 = Release|Any CPU
	EndGlobalSection
	GlobalSection(SolutionProperties) = preSolution
		HideSolutionNode = FALSE
	EndGlobalSection
	GlobalSection(ExtensibilityGlobals) = postSolution
		SolutionGuid = {BDFA2AC3-2B9D-41EF-9374-866E67BD93CB}
	EndGlobalSection
EndGlobal
